
Microsoft Visual Studio Solution File, Format Version 12.00
# Visual Studio 2013
VisualStudioVersion = 12.0.21005.1
MinimumVisualStudioVersion = 10.0.40219.1
Project("{FAE04EC0-301F-11D3-BF4B-00C04F79EFBC}") = "SilverlightViewer.Web", "SilverlightViewer.Web\SilverlightViewer.Web.csproj", "{592C8870-4EC9-4221-952B-59343B753A28}"
EndProject
Project("{FAE04EC0-301F-11D3-BF4B-00C04F79EFBC}") = "SilverlightViewer.Xap", "SilverlightViewer.Xap\SilverlightViewer.Xap.csproj", "{9D613275-148C-4126-A1A8-F9075E15DA4A}"
EndProject
Project("{FAE04EC0-301F-11D3-BF4B-00C04F79EFBC}") = "SilverlightViewer.Controls", "..\SilverlightControls3.0\SilverlightViewer.Controls\SilverlightViewer.Controls.csproj", "{DB4F64FD-8D11-460E-9407-412776F157A8}"
EndProject
Global
	GlobalSection(SolutionConfigurationPlatforms) = preSolution
		Debug|Any CPU = Debug|Any CPU
		Release|Any CPU = Release|Any CPU
	EndGlobalSection
	GlobalSection(ProjectConfigurationPlatforms) = postSolution
		{592C8870-4EC9-4221-952B-59343B753A28}.Debug|Any CPU.ActiveCfg = Debug|Any CPU
		{592C8870-4EC9-4221-952B-59343B753A28}.Debug|Any CPU.Build.0 = Debug|Any CPU
		{592C8870-4EC9-4221-952B-59343B753A28}.Release|Any CPU.ActiveCfg = Release|Any CPU
		{592C8870-4EC9-4221-952B-59343B753A28}.Release|Any CPU.Build.0 = Release|Any CPU
		{9D613275-148C-4126-A1A8-F9075E15DA4A}.Debug|Any CPU.ActiveCfg = Debug|Any CPU
		{9D613275-148C-4126-A1A8-F9075E15DA4A}.Debug|Any CPU.Build.0 = Debug|Any CPU
		{9D613275-148C-4126-A1A8-F9075E15DA4A}.Release|Any CPU.ActiveCfg = Release|Any CPU
		{9D613275-148C-4126-A1A8-F9075E15DA4A}.Release|Any CPU.Build.0 = Release|Any CPU
		{DB4F64FD-8D11-460E-9407-412776F157A8}.Debug|Any CPU.ActiveCfg = Debug|Any CPU
		{DB4F64FD-8D11-460E-9407-412776F157A8}.Debug|Any CPU.Build.0 = Debug|Any CPU
		{DB4F64FD-8D11-460E-9407-412776F157A8}.Release|Any CPU.ActiveCfg = Release|Any CPU
		{DB4F64FD-8D11-460E-9407-412776F157A8}.Release|Any CPU.Build.0 = Release|Any CPU
	EndGlobalSection
	GlobalSection(SolutionProperties) = preSolution
		HideSolutionNode = FALSE
	EndGlobalSection
EndGlobal
